
Microsoft Visual Studio Solution File, Format Version 12.00
# Visual Studio 14
VisualStudioVersion = 14.0.23107.0
MinimumVisualStudioVersion = 10.0.40219.1
Project("{E24C65DC-7377-472B-9ABA-BC803B73C61A}") = "PredictingWebsite", "..\Website\PredictingWebsite\", "{535DDE82-6E36-47C8-A15D-A19EC2AC889B}"
	ProjectSection(WebsiteProperties) = preProject
		TargetFrameworkMoniker = ".NETFramework,Version%3Dv4.5.2"
		ProjectReferences = "{5d5bfffd-adfe-482f-8e7e-2464f3267566}|EmployeeAttritionLibrary.dll;"
		Debug.AspNetCompiler.VirtualPath = "/localhost_59189"
		Debug.AspNetCompiler.PhysicalPath = "..\Website\PredictingWebsite\"
		Debug.AspNetCompiler.TargetPath = "PrecompiledWeb\localhost_59189\"
		Debug.AspNetCompiler.Updateable = "true"
		Debug.AspNetCompiler.ForceOverwrite = "true"
		Debug.AspNetCompiler.FixedNames = "false"
		Debug.AspNetCompiler.Debug = "True"
		Release.AspNetCompiler.VirtualPath = "/localhost_59189"
		Release.AspNetCompiler.PhysicalPath = "..\Website\PredictingWebsite\"
		Release.AspNetCompiler.TargetPath = "PrecompiledWeb\localhost_59189\"
		Release.AspNetCompiler.Updateable = "true"
		Release.AspNetCompiler.ForceOverwrite = "true"
		Release.AspNetCompiler.FixedNames = "false"
		Release.AspNetCompiler.Debug = "False"
		VWDPort = "59189"
		SlnRelativePath = "..\Website\PredictingWebsite\"
		DefaultWebSiteLanguage = "Visual C#"
	EndProjectSection
EndProject
Project("{FAE04EC0-301F-11D3-BF4B-00C04F79EFBC}") = "EmployeeAttritionLibrary", "..\Library\EmployeeAttritionLibrary\EmployeeAttritionLibrary.csproj", "{5D5BFFFD-ADFE-482F-8E7E-2464F3267566}"
EndProject
Global
	GlobalSection(SolutionConfigurationPlatforms) = preSolution
		Debug|Any CPU = Debug|Any CPU
		Release|Any CPU = Release|Any CPU
	EndGlobalSection
	GlobalSection(ProjectConfigurationPlatforms) = postSolution
		{535DDE82-6E36-47C8-A15D-A19EC2AC889B}.Debug|Any CPU.ActiveCfg = Debug|Any CPU
		{535DDE82-6E36-47C8-A15D-A19EC2AC889B}.Debug|Any CPU.Build.0 = Debug|Any CPU
		{535DDE82-6E36-47C8-A15D-A19EC2AC889B}.Release|Any CPU.ActiveCfg = Debug|Any CPU
		{535DDE82-6E36-47C8-A15D-A19EC2AC889B}.Release|Any CPU.Build.0 = Debug|Any CPU
		{5D5BFFFD-ADFE-482F-8E7E-2464F3267566}.Debug|Any CPU.ActiveCfg = Debug|Any CPU
		{5D5BFFFD-ADFE-482F-8E7E-2464F3267566}.Debug|Any CPU.Build.0 = Debug|Any CPU
		{5D5BFFFD-ADFE-482F-8E7E-2464F3267566}.Release|Any CPU.ActiveCfg = Release|Any CPU
		{5D5BFFFD-ADFE-482F-8E7E-2464F3267566}.Release|Any CPU.Build.0 = Release|Any CPU
	EndGlobalSection
	GlobalSection(SolutionProperties) = preSolution
		HideSolutionNode = FALSE
	EndGlobalSection
	GlobalSection(ExtensibilityGlobals) = postSolution
		SolutionGuid = {30E927E9-EE0D-4AC9-85C2-DB04847C30C7}
	EndGlobalSection
EndGlobal
